// !$*UTF8*$!
{
	archiveVersion = 1;
	classes = {
	};
	objectVersion = 50;
	objects = {

/* Begin PBXBuildFile section */
		2301E38520B6B4A8004D7DAE /* LDDVC1.m in Sources */ = {isa = PBXBuildFile; fileRef = 2301E38420B6B4A8004D7DAE /* LDDVC1.m */; };
		2318434720CE23900075C7A3 /* BaseViewController+UNLegal.m in Sources */ = {isa = PBXBuildFile; fileRef = 2318434620CE23900075C7A3 /* BaseViewController+UNLegal.m */; };
		2318434A20CE290B0075C7A3 /* BaseViewController+Legal.m in Sources */ = {isa = PBXBuildFile; fileRef = 2318434920CE290B0075C7A3 /* BaseViewController+Legal.m */; };
		2318874A20B2719800D8EF29 /* NotificationVC.m in Sources */ = {isa = PBXBuildFile; fileRef = 2318874920B2719800D8EF29 /* NotificationVC.m */; };
		2318875220B29E0D00D8EF29 /* NotificationLearnTVC.m in Sources */ = {isa = PBXBuildFile; fileRef = 2318875120B29E0D00D8EF29 /* NotificationLearnTVC.m */; };
		232C0EF920CFC4F00035A143 /* LDDHJTableViewController.m in Sources */ = {isa = PBXBuildFile; fileRef = 232C0EF820CFC4F00035A143 /* LDDHJTableViewController.m */; };
		232C0EFC20CFCB590035A143 /* HJDefaultTabViewBar.m in Sources */ = {isa = PBXBuildFile; fileRef = 232C0EFA20CFCB590035A143 /* HJDefaultTabViewBar.m */; };
		23388E9C20B503AA00DAAB4F /* BaseViewModle.m in Sources */ = {isa = PBXBuildFile; fileRef = 23388E9B20B503AA00DAAB4F /* BaseViewModle.m */; };
		23388E9F20B503CA00DAAB4F /* LDDVM.m in Sources */ = {isa = PBXBuildFile; fileRef = 23388E9E20B503CA00DAAB4F /* LDDVM.m */; };
		234266EE20D0BBBE000B1F3A /* LDDTabBarViewController.m in Sources */ = {isa = PBXBuildFile; fileRef = 234266ED20D0BBBE000B1F3A /* LDDTabBarViewController.m */; };
		23949D1220BC1B65005B1562 /* BaseView.m in Sources */ = {isa = PBXBuildFile; fileRef = 23949D1120BC1B65005B1562 /* BaseView.m */; };
		23949D1520BC1B89005B1562 /* LDDCustomDatePickerView.m in Sources */ = {isa = PBXBuildFile; fileRef = 23949D1420BC1B89005B1562 /* LDDCustomDatePickerView.m */; };
		23A9DB1020AF04ED0023D764 /* LDDTableViewController.m in Sources */ = {isa = PBXBuildFile; fileRef = 23A9DB0F20AF04ED0023D764 /* LDDTableViewController.m */; };
		23C2881B20AFBD3500CF6EC6 /* IQKeyboardVC.m in Sources */ = {isa = PBXBuildFile; fileRef = 23C2881920AFBD3500CF6EC6 /* IQKeyboardVC.m */; };
		23C2881C20AFBD3500CF6EC6 /* IQKeyboardVC.xib in Resources */ = {isa = PBXBuildFile; fileRef = 23C2881A20AFBD3500CF6EC6 /* IQKeyboardVC.xib */; };
		336D324F1F9376401793DEF9 /* libPods-OCDemo_01.a in Frameworks */ = {isa = PBXBuildFile; fileRef = BC6E0A4DEB3A28048ABDC9D4 /* libPods-OCDemo_01.a */; };
		DB3A1E4520906458009EC30A /* RACVC.m in Sources */ = {isa = PBXBuildFile; fileRef = DB3A1E4320906457009EC30A /* RACVC.m */; };
		DB3A1E4620906458009EC30A /* RACVC.xib in Resources */ = {isa = PBXBuildFile; fileRef = DB3A1E4420906457009EC30A /* RACVC.xib */; };
		DB3A1E4A209078CC009EC30A /* NotificationTestVC.m in Sources */ = {isa = PBXBuildFile; fileRef = DB3A1E48209078CC009EC30A /* NotificationTestVC.m */; };
		DB3A1E4B209078CC009EC30A /* NotificationTestVC.xib in Resources */ = {isa = PBXBuildFile; fileRef = DB3A1E49209078CC009EC30A /* NotificationTestVC.xib */; };
		DB54AE4D2092CCBD006E83E5 /* RACPerson.m in Sources */ = {isa = PBXBuildFile; fileRef = DB54AE4C2092CCBD006E83E5 /* RACPerson.m */; };
		DB8C640F208DAE7A00012736 /* BaseViewController.m in Sources */ = {isa = PBXBuildFile; fileRef = DB8C640E208DAE7A00012736 /* BaseViewController.m */; };
		DB8C6413208DAF0100012736 /* RootTableViewController.m in Sources */ = {isa = PBXBuildFile; fileRef = DB8C6412208DAF0100012736 /* RootTableViewController.m */; };
		DB8C6417208DB20000012736 /* PrintTestVC.m in Sources */ = {isa = PBXBuildFile; fileRef = DB8C6416208DB20000012736 /* PrintTestVC.m */; };
		DB8C641C208DB7FB00012736 /* UIView+Add.m in Sources */ = {isa = PBXBuildFile; fileRef = DB8C641B208DB7FB00012736 /* UIView+Add.m */; };
		DBECBF142089D056004FED83 /* AppDelegate.m in Sources */ = {isa = PBXBuildFile; fileRef = DBECBF132089D056004FED83 /* AppDelegate.m */; };
		DBECBF1C2089D056004FED83 /* Assets.xcassets in Resources */ = {isa = PBXBuildFile; fileRef = DBECBF1B2089D056004FED83 /* Assets.xcassets */; };
		DBECBF1F2089D056004FED83 /* LaunchScreen.storyboard in Resources */ = {isa = PBXBuildFile; fileRef = DBECBF1D2089D056004FED83 /* LaunchScreen.storyboard */; };
		DBECBF222089D056004FED83 /* main.m in Sources */ = {isa = PBXBuildFile; fileRef = DBECBF212089D056004FED83 /* main.m */; };
/* End PBXBuildFile section */

/* Begin PBXFileReference section */
		2301E38320B6B4A8004D7DAE /* LDDVC1.h */ = {isa = PBXFileReference; lastKnownFileType = sourcecode.c.h; path = LDDVC1.h; sourceTree = "<group>"; };
		2301E38420B6B4A8004D7DAE /* LDDVC1.m */ = {isa = PBXFileReference; lastKnownFileType = sourcecode.c.objc; path = LDDVC1.m; sourceTree = "<group>"; };
		2318434520CE23900075C7A3 /* BaseViewController+UNLegal.h */ = {isa = PBXFileReference; lastKnownFileType = sourcecode.c.h; path = "BaseViewController+UNLegal.h"; sourceTree = "<group>"; };
		2318434620CE23900075C7A3 /* BaseViewController+UNLegal.m */ = {isa = PBXFileReference; lastKnownFileType = sourcecode.c.objc; path = "BaseViewController+UNLegal.m"; sourceTree = "<group>"; };
		2318434820CE290B0075C7A3 /* BaseViewController+Legal.h */ = {isa = PBXFileReference; lastKnownFileType = sourcecode.c.h; path = "BaseViewController+Legal.h"; sourceTree = "<group>"; };
		2318434920CE290B0075C7A3 /* BaseViewController+Legal.m */ = {isa = PBXFileReference; lastKnownFileType = sourcecode.c.objc; path = "BaseViewController+Legal.m"; sourceTree = "<group>"; };
		2318874820B2719800D8EF29 /* NotificationVC.h */ = {isa = PBXFileReference; lastKnownFileType = sourcecode.c.h; path = NotificationVC.h; sourceTree = "<group>"; };
		2318874920B2719800D8EF29 /* NotificationVC.m */ = {isa = PBXFileReference; lastKnownFileType = sourcecode.c.objc; path = NotificationVC.m; sourceTree = "<group>"; };
		2318875020B29E0D00D8EF29 /* NotificationLearnTVC.h */ = {isa = PBXFileReference; lastKnownFileType = sourcecode.c.h; path = NotificationLearnTVC.h; sourceTree = "<group>"; };
		2318875120B29E0D00D8EF29 /* NotificationLearnTVC.m */ = {isa = PBXFileReference; lastKnownFileType = sourcecode.c.objc; path = NotificationLearnTVC.m; sourceTree = "<group>"; };
		232C0EF720CFC4F00035A143 /* LDDHJTableViewController.h */ = {isa = PBXFileReference; lastKnownFileType = sourcecode.c.h; path = LDDHJTableViewController.h; sourceTree = "<group>"; };
		232C0EF820CFC4F00035A143 /* LDDHJTableViewController.m */ = {isa = PBXFileReference; lastKnownFileType = sourcecode.c.objc; path = LDDHJTableViewController.m; sourceTree = "<group>"; };
		232C0EFA20CFCB590035A143 /* HJDefaultTabViewBar.m */ = {isa = PBXFileReference; fileEncoding = 4; lastKnownFileType = sourcecode.c.objc; path = HJDefaultTabViewBar.m; sourceTree = "<group>"; };
		232C0EFB20CFCB590035A143 /* HJDefaultTabViewBar.h */ = {isa = PBXFileReference; fileEncoding = 4; lastKnownFileType = sourcecode.c.h; path = HJDefaultTabViewBar.h; sourceTree = "<group>"; };
		23388E9A20B503AA00DAAB4F /* BaseViewModle.h */ = {isa = PBXFileReference; lastKnownFileType = sourcecode.c.h; path = BaseViewModle.h; sourceTree = "<group>"; };
		23388E9B20B503AA00DAAB4F /* BaseViewModle.m */ = {isa = PBXFileReference; lastKnownFileType = sourcecode.c.objc; path = BaseViewModle.m; sourceTree = "<group>"; };
		23388E9D20B503CA00DAAB4F /* LDDVM.h */ = {isa = PBXFileReference; lastKnownFileType = sourcecode.c.h; path = LDDVM.h; sourceTree = "<group>"; };
		23388E9E20B503CA00DAAB4F /* LDDVM.m */ = {isa = PBXFileReference; lastKnownFileType = sourcecode.c.objc; path = LDDVM.m; sourceTree = "<group>"; };
		234266EC20D0BBBE000B1F3A /* LDDTabBarViewController.h */ = {isa = PBXFileReference; lastKnownFileType = sourcecode.c.h; path = LDDTabBarViewController.h; sourceTree = "<group>"; };
		234266ED20D0BBBE000B1F3A /* LDDTabBarViewController.m */ = {isa = PBXFileReference; lastKnownFileType = sourcecode.c.objc; path = LDDTabBarViewController.m; sourceTree = "<group>"; };
		2349C8E520B0368F00F8E933 /* MyMacro.h */ = {isa = PBXFileReference; lastKnownFileType = sourcecode.c.h; path = MyMacro.h; sourceTree = "<group>"; };
		23949D1020BC1B65005B1562 /* BaseView.h */ = {isa = PBXFileReference; lastKnownFileType = sourcecode.c.h; path = BaseView.h; sourceTree = "<group>"; };
		23949D1120BC1B65005B1562 /* BaseView.m */ = {isa = PBXFileReference; lastKnownFileType = sourcecode.c.objc; path = BaseView.m; sourceTree = "<group>"; };
		23949D1320BC1B89005B1562 /* LDDCustomDatePickerView.h */ = {isa = PBXFileReference; lastKnownFileType = sourcecode.c.h; path = LDDCustomDatePickerView.h; sourceTree = "<group>"; };
		23949D1420BC1B89005B1562 /* LDDCustomDatePickerView.m */ = {isa = PBXFileReference; lastKnownFileType = sourcecode.c.objc; path = LDDCustomDatePickerView.m; sourceTree = "<group>"; };
		23A9DB0E20AF04ED0023D764 /* LDDTableViewController.h */ = {isa = PBXFileReference; lastKnownFileType = sourcecode.c.h; path = LDDTableViewController.h; sourceTree = "<group>"; };
		23A9DB0F20AF04ED0023D764 /* LDDTableViewController.m */ = {isa = PBXFileReference; lastKnownFileType = sourcecode.c.objc; path = LDDTableViewController.m; sourceTree = "<group>"; };
		23C2881820AFBD3500CF6EC6 /* IQKeyboardVC.h */ = {isa = PBXFileReference; lastKnownFileType = sourcecode.c.h; path = IQKeyboardVC.h; sourceTree = "<group>"; };
		23C2881920AFBD3500CF6EC6 /* IQKeyboardVC.m */ = {isa = PBXFileReference; lastKnownFileType = sourcecode.c.objc; path = IQKeyboardVC.m; sourceTree = "<group>"; };
		23C2881A20AFBD3500CF6EC6 /* IQKeyboardVC.xib */ = {isa = PBXFileReference; lastKnownFileType = file.xib; path = IQKeyboardVC.xib; sourceTree = "<group>"; };
		3D5FD566D65191712AA1279D /* Pods-OCDemo_01.release.xcconfig */ = {isa = PBXFileReference; includeInIndex = 1; lastKnownFileType = text.xcconfig; name = "Pods-OCDemo_01.release.xcconfig"; path = "Pods/Target Support Files/Pods-OCDemo_01/Pods-OCDemo_01.release.xcconfig"; sourceTree = "<group>"; };
		B2888098E500DDEEF7E234FF /* Pods-OCDemo_01.debug.xcconfig */ = {isa = PBXFileReference; includeInIndex = 1; lastKnownFileType = text.xcconfig; name = "Pods-OCDemo_01.debug.xcconfig"; path = "Pods/Target Support Files/Pods-OCDemo_01/Pods-OCDemo_01.debug.xcconfig"; sourceTree = "<group>"; };
		BC6E0A4DEB3A28048ABDC9D4 /* libPods-OCDemo_01.a */ = {isa = PBXFileReference; explicitFileType = archive.ar; includeInIndex = 0; path = "libPods-OCDemo_01.a"; sourceTree = BUILT_PRODUCTS_DIR; };
		DB3A1E4220906457009EC30A /* RACVC.h */ = {isa = PBXFileReference; lastKnownFileType = sourcecode.c.h; path = RACVC.h; sourceTree = "<group>"; };
		DB3A1E4320906457009EC30A /* RACVC.m */ = {isa = PBXFileReference; lastKnownFileType = sourcecode.c.objc; path = RACVC.m; sourceTree = "<group>"; };
		DB3A1E4420906457009EC30A /* RACVC.xib */ = {isa = PBXFileReference; lastKnownFileType = file.xib; path = RACVC.xib; sourceTree = "<group>"; };
		DB3A1E47209078CC009EC30A /* NotificationTestVC.h */ = {isa = PBXFileReference; lastKnownFileType = sourcecode.c.h; path = NotificationTestVC.h; sourceTree = "<group>"; };
		DB3A1E48209078CC009EC30A /* NotificationTestVC.m */ = {isa = PBXFileReference; lastKnownFileType = sourcecode.c.objc; path = NotificationTestVC.m; sourceTree = "<group>"; };
		DB3A1E49209078CC009EC30A /* NotificationTestVC.xib */ = {isa = PBXFileReference; lastKnownFileType = file.xib; path = NotificationTestVC.xib; sourceTree = "<group>"; };
		DB54AE4B2092CCBD006E83E5 /* RACPerson.h */ = {isa = PBXFileReference; lastKnownFileType = sourcecode.c.h; path = RACPerson.h; sourceTree = "<group>"; };
		DB54AE4C2092CCBD006E83E5 /* RACPerson.m */ = {isa = PBXFileReference; lastKnownFileType = sourcecode.c.objc; path = RACPerson.m; sourceTree = "<group>"; };
		DB8C640D208DAE7A00012736 /* BaseViewController.h */ = {isa = PBXFileReference; lastKnownFileType = sourcecode.c.h; path = BaseViewController.h; sourceTree = "<group>"; };
		DB8C640E208DAE7A00012736 /* BaseViewController.m */ = {isa = PBXFileReference; lastKnownFileType = sourcecode.c.objc; path = BaseViewController.m; sourceTree = "<group>"; };
		DB8C6411208DAF0100012736 /* RootTableViewController.h */ = {isa = PBXFileReference; lastKnownFileType = sourcecode.c.h; path = RootTableViewController.h; sourceTree = "<group>"; };
		DB8C6412208DAF0100012736 /* RootTableViewController.m */ = {isa = PBXFileReference; lastKnownFileType = sourcecode.c.objc; path = RootTableViewController.m; sourceTree = "<group>"; };
		DB8C6415208DB20000012736 /* PrintTestVC.h */ = {isa = PBXFileReference; lastKnownFileType = sourcecode.c.h; path = PrintTestVC.h; sourceTree = "<group>"; };
		DB8C6416208DB20000012736 /* PrintTestVC.m */ = {isa = PBXFileReference; lastKnownFileType = sourcecode.c.objc; path = PrintTestVC.m; sourceTree = "<group>"; };
		DB8C641A208DB7FB00012736 /* UIView+Add.h */ = {isa = PBXFileReference; lastKnownFileType = sourcecode.c.h; path = "UIView+Add.h"; sourceTree = "<group>"; };
		DB8C641B208DB7FB00012736 /* UIView+Add.m */ = {isa = PBXFileReference; lastKnownFileType = sourcecode.c.objc; path = "UIView+Add.m"; sourceTree = "<group>"; };
		DBECBF0F2089D056004FED83 /* OCDemo_01.app */ = {isa = PBXFileReference; explicitFileType = wrapper.application; includeInIndex = 0; path = OCDemo_01.app; sourceTree = BUILT_PRODUCTS_DIR; };
		DBECBF122089D056004FED83 /* AppDelegate.h */ = {isa = PBXFileReference; lastKnownFileType = sourcecode.c.h; path = AppDelegate.h; sourceTree = "<group>"; };
		DBECBF132089D056004FED83 /* AppDelegate.m */ = {isa = PBXFileReference; lastKnownFileType = sourcecode.c.objc; path = AppDelegate.m; sourceTree = "<group>"; };
		DBECBF1B2089D056004FED83 /* Assets.xcassets */ = {isa = PBXFileReference; lastKnownFileType = folder.assetcatalog; path = Assets.xcassets; sourceTree = "<group>"; };
		DBECBF1E2089D056004FED83 /* Base */ = {isa = PBXFileReference; lastKnownFileType = file.storyboard; name = Base; path = Base.lproj/LaunchScreen.storyboard; sourceTree = "<group>"; };
		DBECBF202089D056004FED83 /* Info.plist */ = {isa = PBXFileReference; lastKnownFileType = text.plist.xml; path = Info.plist; sourceTree = "<group>"; };
		DBECBF212089D056004FED83 /* main.m */ = {isa = PBXFileReference; lastKnownFileType = sourcecode.c.objc; path = main.m; sourceTree = "<group>"; };
/* End PBXFileReference section */

/* Begin PBXFrameworksBuildPhase section */
		DBECBF0C2089D056004FED83 /* Frameworks */ = {
			isa = PBXFrameworksBuildPhase;
			buildActionMask = 2147483647;
			files = (
				336D324F1F9376401793DEF9 /* libPods-OCDemo_01.a in Frameworks */,
			);
			runOnlyForDeploymentPostprocessing = 0;
		};
/* End PBXFrameworksBuildPhase section */

/* Begin PBXGroup section */
		2318874B20B29D1100D8EF29 /* Notification */ = {
			isa = PBXGroup;
			children = (
				2318874C20B29D1F00D8EF29 /* VC */,
			);
			path = Notification;
			sourceTree = "<group>";
		};
		2318874C20B29D1F00D8EF29 /* VC */ = {
			isa = PBXGroup;
			children = (
				2318875020B29E0D00D8EF29 /* NotificationLearnTVC.h */,
				2318875120B29E0D00D8EF29 /* NotificationLearnTVC.m */,
			);
			path = VC;
			sourceTree = "<group>";
		};
		23949D0920BC06A0005B1562 /* View */ = {
			isa = PBXGroup;
			children = (
				23949D1320BC1B89005B1562 /* LDDCustomDatePickerView.h */,
				23949D1420BC1B89005B1562 /* LDDCustomDatePickerView.m */,
				232C0EFB20CFCB590035A143 /* HJDefaultTabViewBar.h */,
				232C0EFA20CFCB590035A143 /* HJDefaultTabViewBar.m */,
			);
			name = View;
			path = OCDemo_01/LDD/View;
			sourceTree = SOURCE_ROOT;
		};
		23A9DB0B20AF045E0023D764 /* LDD */ = {
			isa = PBXGroup;
			children = (
				23A9DB0D20AF049C0023D764 /* VC */,
				23A9DB0C20AF049C0023D764 /* VM */,
				23949D0920BC06A0005B1562 /* View */,
			);
			path = LDD;
			sourceTree = "<group>";
		};
		23A9DB0C20AF049C0023D764 /* VM */ = {
			isa = PBXGroup;
			children = (
				23388E9D20B503CA00DAAB4F /* LDDVM.h */,
				23388E9E20B503CA00DAAB4F /* LDDVM.m */,
			);
			path = VM;
			sourceTree = "<group>";
		};
		23A9DB0D20AF049C0023D764 /* VC */ = {
			isa = PBXGroup;
			children = (
				23A9DB0E20AF04ED0023D764 /* LDDTableViewController.h */,
				23A9DB0F20AF04ED0023D764 /* LDDTableViewController.m */,
				23C2881820AFBD3500CF6EC6 /* IQKeyboardVC.h */,
				23C2881920AFBD3500CF6EC6 /* IQKeyboardVC.m */,
				23C2881A20AFBD3500CF6EC6 /* IQKeyboardVC.xib */,
				2318874820B2719800D8EF29 /* NotificationVC.h */,
				2318874920B2719800D8EF29 /* NotificationVC.m */,
				2301E38320B6B4A8004D7DAE /* LDDVC1.h */,
				2301E38420B6B4A8004D7DAE /* LDDVC1.m */,
				232C0EF720CFC4F00035A143 /* LDDHJTableViewController.h */,
				232C0EF820CFC4F00035A143 /* LDDHJTableViewController.m */,
				234266EC20D0BBBE000B1F3A /* LDDTabBarViewController.h */,
				234266ED20D0BBBE000B1F3A /* LDDTabBarViewController.m */,
			);
			path = VC;
			sourceTree = "<group>";
		};
		8334E855E118468882DFF0AD /* Frameworks */ = {
			isa = PBXGroup;
			children = (
				BC6E0A4DEB3A28048ABDC9D4 /* libPods-OCDemo_01.a */,
			);
			name = Frameworks;
			sourceTree = "<group>";
		};
		DB3A1E3E209062EC009EC30A /* RAC */ = {
			isa = PBXGroup;
			children = (
				DB54AE4A2092CCAA006E83E5 /* Model */,
				DB3A1E4220906457009EC30A /* RACVC.h */,
				DB3A1E4320906457009EC30A /* RACVC.m */,
				DB3A1E4420906457009EC30A /* RACVC.xib */,
				DB3A1E47209078CC009EC30A /* NotificationTestVC.h */,
				DB3A1E48209078CC009EC30A /* NotificationTestVC.m */,
				DB3A1E49209078CC009EC30A /* NotificationTestVC.xib */,
			);
			path = RAC;
			sourceTree = "<group>";
		};
		DB54AE4A2092CCAA006E83E5 /* Model */ = {
			isa = PBXGroup;
			children = (
				DB54AE4B2092CCBD006E83E5 /* RACPerson.h */,
				DB54AE4C2092CCBD006E83E5 /* RACPerson.m */,
			);
			path = Model;
			sourceTree = "<group>";
		};
		DB8C6409208DAE3300012736 /* Root */ = {
			isa = PBXGroup;
			children = (
				DB8C640D208DAE7A00012736 /* BaseViewController.h */,
				DB8C640E208DAE7A00012736 /* BaseViewController.m */,
				2318434520CE23900075C7A3 /* BaseViewController+UNLegal.h */,
				2318434620CE23900075C7A3 /* BaseViewController+UNLegal.m */,
				2318434820CE290B0075C7A3 /* BaseViewController+Legal.h */,
				2318434920CE290B0075C7A3 /* BaseViewController+Legal.m */,
				2349C8E520B0368F00F8E933 /* MyMacro.h */,
				23388E9A20B503AA00DAAB4F /* BaseViewModle.h */,
				23388E9B20B503AA00DAAB4F /* BaseViewModle.m */,
				23949D1020BC1B65005B1562 /* BaseView.h */,
				23949D1120BC1B65005B1562 /* BaseView.m */,
			);
			path = Root;
			sourceTree = "<group>";
		};
		DB8C6410208DAE8E00012736 /* Other */ = {
			isa = PBXGroup;
			children = (
				DBECBF1B2089D056004FED83 /* Assets.xcassets */,
				DBECBF1D2089D056004FED83 /* LaunchScreen.storyboard */,
				DBECBF202089D056004FED83 /* Info.plist */,
				DBECBF212089D056004FED83 /* main.m */,
			);
			path = Other;
			sourceTree = "<group>";
		};
		DB8C6414208DB1E500012736 /* PrintTest */ = {
			isa = PBXGroup;
			children = (
				DB8C6415208DB20000012736 /* PrintTestVC.h */,
				DB8C6416208DB20000012736 /* PrintTestVC.m */,
			);
			path = PrintTest;
			sourceTree = "<group>";
		};
		DB8C6418208DB2C100012736 /* Tool */ = {
			isa = PBXGroup;
			children = (
				DB8C6419208DB2C100012736 /* Category */,
			);
			path = Tool;
			sourceTree = "<group>";
		};
		DB8C6419208DB2C100012736 /* Category */ = {
			isa = PBXGroup;
			children = (
				DB8C641A208DB7FB00012736 /* UIView+Add.h */,
				DB8C641B208DB7FB00012736 /* UIView+Add.m */,
			);
			path = Category;
			sourceTree = "<group>";
		};
		DBECBF062089D056004FED83 = {
			isa = PBXGroup;
			children = (
				DBECBF112089D056004FED83 /* OCDemo_01 */,
				DBECBF102089D056004FED83 /* Products */,
				F419F1F806FFF427948480B9 /* Pods */,
				8334E855E118468882DFF0AD /* Frameworks */,
			);
			sourceTree = "<group>";
		};
		DBECBF102089D056004FED83 /* Products */ = {
			isa = PBXGroup;
			children = (
				DBECBF0F2089D056004FED83 /* OCDemo_01.app */,
			);
			name = Products;
			sourceTree = "<group>";
		};
		DBECBF112089D056004FED83 /* OCDemo_01 */ = {
			isa = PBXGroup;
			children = (
				2318874B20B29D1100D8EF29 /* Notification */,
				23A9DB0B20AF045E0023D764 /* LDD */,
				DB3A1E3E209062EC009EC30A /* RAC */,
				DB8C6418208DB2C100012736 /* Tool */,
				DB8C6414208DB1E500012736 /* PrintTest */,
				DB8C6410208DAE8E00012736 /* Other */,
				DB8C6409208DAE3300012736 /* Root */,
				DBECBF122089D056004FED83 /* AppDelegate.h */,
				DBECBF132089D056004FED83 /* AppDelegate.m */,
				DB8C6411208DAF0100012736 /* RootTableViewController.h */,
				DB8C6412208DAF0100012736 /* RootTableViewController.m */,
			);
			path = OCDemo_01;
			sourceTree = "<group>";
		};
		F419F1F806FFF427948480B9 /* Pods */ = {
			isa = PBXGroup;
			children = (
				B2888098E500DDEEF7E234FF /* Pods-OCDemo_01.debug.xcconfig */,
				3D5FD566D65191712AA1279D /* Pods-OCDemo_01.release.xcconfig */,
			);
			name = Pods;
			sourceTree = "<group>";
		};
/* End PBXGroup section */

/* Begin PBXNativeTarget section */
		DBECBF0E2089D056004FED83 /* OCDemo_01 */ = {
			isa = PBXNativeTarget;
			buildConfigurationList = DBECBF252089D056004FED83 /* Build configuration list for PBXNativeTarget "OCDemo_01" */;
			buildPhases = (
				EE981D1334C8267FB672737B /* [CP] Check Pods Manifest.lock */,
				DBECBF0B2089D056004FED83 /* Sources */,
				DBECBF0C2089D056004FED83 /* Frameworks */,
				DBECBF0D2089D056004FED83 /* Resources */,
				3F58CBA89E62C3797201C8E8 /* [CP] Copy Pods Resources */,
			);
			buildRules = (
			);
			dependencies = (
			);
			name = OCDemo_01;
			productName = OCDemo_01;
			productReference = DBECBF0F2089D056004FED83 /* OCDemo_01.app */;
			productType = "com.apple.product-type.application";
		};
/* End PBXNativeTarget section */

/* Begin PBXProject section */
		DBECBF072089D056004FED83 /* Project object */ = {
			isa = PBXProject;
			attributes = {
				LastUpgradeCheck = 0930;
				ORGANIZATIONNAME = My;
				TargetAttributes = {
					DBECBF0E2089D056004FED83 = {
						CreatedOnToolsVersion = 9.3;
					};
				};
			};
			buildConfigurationList = DBECBF0A2089D056004FED83 /* Build configuration list for PBXProject "OCDemo_01" */;
			compatibilityVersion = "Xcode 9.3";
			developmentRegion = en;
			hasScannedForEncodings = 0;
			knownRegions = (
				en,
				Base,
			);
			mainGroup = DBECBF062089D056004FED83;
			productRefGroup = DBECBF102089D056004FED83 /* Products */;
			projectDirPath = "";
			projectRoot = "";
			targets = (
				DBECBF0E2089D056004FED83 /* OCDemo_01 */,
			);
		};
/* End PBXProject section */

/* Begin PBXResourcesBuildPhase section */
		DBECBF0D2089D056004FED83 /* Resources */ = {
			isa = PBXResourcesBuildPhase;
			buildActionMask = 2147483647;
			files = (
				DB3A1E4620906458009EC30A /* RACVC.xib in Resources */,
				DBECBF1F2089D056004FED83 /* LaunchScreen.storyboard in Resources */,
				23C2881C20AFBD3500CF6EC6 /* IQKeyboardVC.xib in Resources */,
				DBECBF1C2089D056004FED83 /* Assets.xcassets in Resources */,
				DB3A1E4B209078CC009EC30A /* NotificationTestVC.xib in Resources */,
			);
			runOnlyForDeploymentPostprocessing = 0;
		};
/* End PBXResourcesBuildPhase section */

/* Begin PBXShellScriptBuildPhase section */
		3F58CBA89E62C3797201C8E8 /* [CP] Copy Pods Resources */ = {
			isa = PBXShellScriptBuildPhase;
			buildActionMask = 2147483647;
			files = (
			);
			inputPaths = (
				"${SRCROOT}/Pods/Target Support Files/Pods-OCDemo_01/Pods-OCDemo_01-resources.sh",
				"${PODS_ROOT}/IQKeyboardManager/IQKeyboardManager/Resources/IQKeyboardManager.bundle",
				"${PODS_ROOT}/PGDatePicker/PGDatePicker/PGDatePicker.bundle",
			);
			name = "[CP] Copy Pods Resources";
			outputPaths = (
				"${TARGET_BUILD_DIR}/${UNLOCALIZED_RESOURCES_FOLDER_PATH}/IQKeyboardManager.bundle",
				"${TARGET_BUILD_DIR}/${UNLOCALIZED_RESOURCES_FOLDER_PATH}/PGDatePicker.bundle",
			);
			runOnlyForDeploymentPostprocessing = 0;
			shellPath = /bin/sh;
			shellScript = "\"${SRCROOT}/Pods/Target Support Files/Pods-OCDemo_01/Pods-OCDemo_01-resources.sh\"\n";
			showEnvVarsInLog = 0;
		};
		EE981D1334C8267FB672737B /* [CP] Check Pods Manifest.lock */ = {
			isa = PBXShellScriptBuildPhase;
			buildActionMask = 2147483647;
			files = (
			);
			inputPaths = (
				"${PODS_PODFILE_DIR_PATH}/Podfile.lock",
				"${PODS_ROOT}/Manifest.lock",
			);
			name = "[CP] Check Pods Manifest.lock";
			outputPaths = (
				"$(DERIVED_FILE_DIR)/Pods-OCDemo_01-checkManifestLockResult.txt",
			);
			runOnlyForDeploymentPostprocessing = 0;
			shellPath = /bin/sh;
			shellScript = "diff \"${PODS_PODFILE_DIR_PATH}/Podfile.lock\" \"${PODS_ROOT}/Manifest.lock\" > /dev/null\nif [ $? != 0 ] ; then\n    # print error to STDERR\n    echo \"error: The sandbox is not in sync with the Podfile.lock. Run 'pod install' or update your CocoaPods installation.\" >&2\n    exit 1\nfi\n# This output is used by Xcode 'outputs' to avoid re-running this script phase.\necho \"SUCCESS\" > \"${SCRIPT_OUTPUT_FILE_0}\"\n";
			showEnvVarsInLog = 0;
		};
/* End PBXShellScriptBuildPhase section */

/* Begin PBXSourcesBuildPhase section */
		DBECBF0B2089D056004FED83 /* Sources */ = {
			isa = PBXSourcesBuildPhase;
			buildActionMask = 2147483647;
			files = (
				23388E9F20B503CA00DAAB4F /* LDDVM.m in Sources */,
				232C0EF920CFC4F00035A143 /* LDDHJTableViewController.m in Sources */,
				2301E38520B6B4A8004D7DAE /* LDDVC1.m in Sources */,
				23949D1520BC1B89005B1562 /* LDDCustomDatePickerView.m in Sources */,
				232C0EFC20CFCB590035A143 /* HJDefaultTabViewBar.m in Sources */,
				2318434720CE23900075C7A3 /* BaseViewController+UNLegal.m in Sources */,
				DB8C6413208DAF0100012736 /* RootTableViewController.m in Sources */,
				23388E9C20B503AA00DAAB4F /* BaseViewModle.m in Sources */,
				DB54AE4D2092CCBD006E83E5 /* RACPerson.m in Sources */,
				23C2881B20AFBD3500CF6EC6 /* IQKeyboardVC.m in Sources */,
				DB8C640F208DAE7A00012736 /* BaseViewController.m in Sources */,
				DB8C6417208DB20000012736 /* PrintTestVC.m in Sources */,
				DB3A1E4520906458009EC30A /* RACVC.m in Sources */,
				DBECBF222089D056004FED83 /* main.m in Sources */,
				2318874A20B2719800D8EF29 /* NotificationVC.m in Sources */,
				234266EE20D0BBBE000B1F3A /* LDDTabBarViewController.m in Sources */,
				23949D1220BC1B65005B1562 /* BaseView.m in Sources */,
				2318875220B29E0D00D8EF29 /* NotificationLearnTVC.m in Sources */,
				23A9DB1020AF04ED0023D764 /* LDDTableViewController.m in Sources */,
				DB8C641C208DB7FB00012736 /* UIView+Add.m in Sources */,
				DBECBF142089D056004FED83 /* AppDelegate.m in Sources */,
				DB3A1E4A209078CC009EC30A /* NotificationTestVC.m in Sources */,
				2318434A20CE290B0075C7A3 /* BaseViewController+Legal.m in Sources */,
			);
			runOnlyForDeploymentPostprocessing = 0;
		};
/* End PBXSourcesBuildPhase section */

/* Begin PBXVariantGroup section */
		DBECBF1D2089D056004FED83 /* LaunchScreen.storyboard */ = {
			isa = PBXVariantGroup;
			children = (
				DBECBF1E2089D056004FED83 /* Base */,
			);
			name = LaunchScreen.storyboard;
			sourceTree = "<group>";
		};
/* End PBXVariantGroup section */

/* Begin XCBuildConfiguration section */
		DBECBF232089D056004FED83 /* Debug */ = {
			isa = XCBuildConfiguration;
			buildSettings = {
				ALWAYS_SEARCH_USER_PATHS = NO;
				CLANG_ANALYZER_NONNULL = YES;
				CLANG_ANALYZER_NUMBER_OBJECT_CONVERSION = YES_AGGRESSIVE;
				CLANG_CXX_LANGUAGE_STANDARD = "gnu++14";
				CLANG_CXX_LIBRARY = "libc++";
				CLANG_ENABLE_MODULES = YES;
				CLANG_ENABLE_OBJC_ARC = YES;
				CLANG_ENABLE_OBJC_WEAK = YES;
				CLANG_WARN_BLOCK_CAPTURE_AUTORELEASING = YES;
				CLANG_WARN_BOOL_CONVERSION = YES;
				CLANG_WARN_COMMA = YES;
				CLANG_WARN_CONSTANT_CONVERSION = YES;
				CLANG_WARN_DEPRECATED_OBJC_IMPLEMENTATIONS = YES;
				CLANG_WARN_DIRECT_OBJC_ISA_USAGE = YES_ERROR;
				CLANG_WARN_DOCUMENTATION_COMMENTS = YES;
				CLANG_WARN_EMPTY_BODY = YES;
				CLANG_WARN_ENUM_CONVERSION = YES;
				CLANG_WARN_INFINITE_RECURSION = YES;
				CLANG_WARN_INT_CONVERSION = YES;
				CLANG_WARN_NON_LITERAL_NULL_CONVERSION = YES;
				CLANG_WARN_OBJC_IMPLICIT_RETAIN_SELF = YES;
				CLANG_WARN_OBJC_LITERAL_CONVERSION = YES;
				CLANG_WARN_OBJC_ROOT_CLASS = YES_ERROR;
				CLANG_WARN_RANGE_LOOP_ANALYSIS = YES;
				CLANG_WARN_STRICT_PROTOTYPES = YES;
				CLANG_WARN_SUSPICIOUS_MOVE = YES;
				CLANG_WARN_UNGUARDED_AVAILABILITY = YES_AGGRESSIVE;
				CLANG_WARN_UNREACHABLE_CODE = YES;
				CLANG_WARN__DUPLICATE_METHOD_MATCH = YES;
				CODE_SIGN_IDENTITY = "iPhone Developer";
				COPY_PHASE_STRIP = NO;
				DEBUG_INFORMATION_FORMAT = dwarf;
				ENABLE_STRICT_OBJC_MSGSEND = YES;
				ENABLE_TESTABILITY = YES;
				GCC_C_LANGUAGE_STANDARD = gnu11;
				GCC_DYNAMIC_NO_PIC = NO;
				GCC_NO_COMMON_BLOCKS = YES;
				GCC_OPTIMIZATION_LEVEL = 0;
				GCC_PREPROCESSOR_DEFINITIONS = (
					"DEBUG=1",
					"$(inherited)",
				);
				GCC_WARN_64_TO_32_BIT_CONVERSION = YES;
				GCC_WARN_ABOUT_RETURN_TYPE = YES_ERROR;
				GCC_WARN_UNDECLARED_SELECTOR = YES;
				GCC_WARN_UNINITIALIZED_AUTOS = YES_AGGRESSIVE;
				GCC_WARN_UNUSED_FUNCTION = YES;
				GCC_WARN_UNUSED_VARIABLE = YES;
				IPHONEOS_DEPLOYMENT_TARGET = 11.3;
				MTL_ENABLE_DEBUG_INFO = YES;
				ONLY_ACTIVE_ARCH = YES;
				SDKROOT = iphoneos;
			};
			name = Debug;
		};
		DBECBF242089D056004FED83 /* Release */ = {
			isa = XCBuildConfiguration;
			buildSettings = {
				ALWAYS_SEARCH_USER_PATHS = NO;
				CLANG_ANALYZER_NONNULL = YES;
				CLANG_ANALYZER_NUMBER_OBJECT_CONVERSION = YES_AGGRESSIVE;
				CLANG_CXX_LANGUAGE_STANDARD = "gnu++14";
				CLANG_CXX_LIBRARY = "libc++";
				CLANG_ENABLE_MODULES = YES;
				CLANG_ENABLE_OBJC_ARC = YES;
				CLANG_ENABLE_OBJC_WEAK = YES;
				CLANG_WARN_BLOCK_CAPTURE_AUTORELEASING = YES;
				CLANG_WARN_BOOL_CONVERSION = YES;
				CLANG_WARN_COMMA = YES;
				CLANG_WARN_CONSTANT_CONVERSION = YES;
				CLANG_WARN_DEPRECATED_OBJC_IMPLEMENTATIONS = YES;
				CLANG_WARN_DIRECT_OBJC_ISA_USAGE = YES_ERROR;
				CLANG_WARN_DOCUMENTATION_COMMENTS = YES;
				CLANG_WARN_EMPTY_BODY = YES;
				CLANG_WARN_ENUM_CONVERSION = YES;
				CLANG_WARN_INFINITE_RECURSION = YES;
				CLANG_WARN_INT_CONVERSION = YES;
				CLANG_WARN_NON_LITERAL_NULL_CONVERSION = YES;
				CLANG_WARN_OBJC_IMPLICIT_RETAIN_SELF = YES;
				CLANG_WARN_OBJC_LITERAL_CONVERSION = YES;
				CLANG_WARN_OBJC_ROOT_CLASS = YES_ERROR;
				CLANG_WARN_RANGE_LOOP_ANALYSIS = YES;
				CLANG_WARN_STRICT_PROTOTYPES = YES;
				CLANG_WARN_SUSPICIOUS_MOVE = YES;
				CLANG_WARN_UNGUARDED_AVAILABILITY = YES_AGGRESSIVE;
				CLANG_WARN_UNREACHABLE_CODE = YES;
				CLANG_WARN__DUPLICATE_METHOD_MATCH = YES;
				CODE_SIGN_IDENTITY = "iPhone Developer";
				COPY_PHASE_STRIP = NO;
				DEBUG_INFORMATION_FORMAT = "dwarf-with-dsym";
				ENABLE_NS_ASSERTIONS = NO;
				ENABLE_STRICT_OBJC_MSGSEND = YES;
				GCC_C_LANGUAGE_STANDARD = gnu11;
				GCC_NO_COMMON_BLOCKS = YES;
				GCC_WARN_64_TO_32_BIT_CONVERSION = YES;
				GCC_WARN_ABOUT_RETURN_TYPE = YES_ERROR;
				GCC_WARN_UNDECLARED_SELECTOR = YES;
				GCC_WARN_UNINITIALIZED_AUTOS = YES_AGGRESSIVE;
				GCC_WARN_UNUSED_FUNCTION = YES;
				GCC_WARN_UNUSED_VARIABLE = YES;
				IPHONEOS_DEPLOYMENT_TARGET = 11.3;
				MTL_ENABLE_DEBUG_INFO = NO;
				SDKROOT = iphoneos;
				VALIDATE_PRODUCT = YES;
			};
			name = Release;
		};
		DBECBF262089D056004FED83 /* Debug */ = {
			isa = XCBuildConfiguration;
			baseConfigurationReference = B2888098E500DDEEF7E234FF /* Pods-OCDemo_01.debug.xcconfig */;
			buildSettings = {
				ASSETCATALOG_COMPILER_APPICON_NAME = AppIcon;
				CODE_SIGN_IDENTITY = "iPhone Developer";
				CODE_SIGN_STYLE = Manual;
				DEVELOPMENT_TEAM = 2TUS8V5SW7;
				INFOPLIST_FILE = "$(SRCROOT)/OCDemo_01/Other/Info.plist";
				IPHONEOS_DEPLOYMENT_TARGET = 8.0;
				LD_RUNPATH_SEARCH_PATHS = (
					"$(inherited)",
					"@executable_path/Frameworks",
				);
				PRODUCT_BUNDLE_IDENTIFIER = com.ldd.shikuDemo;
				PRODUCT_NAME = "$(TARGET_NAME)";
				PROVISIONING_PROFILE = "f70b3a28-825a-4ee6-9948-66132c7948c4";
				PROVISIONING_PROFILE_SPECIFIER = ldd_shiku_dev;
				TARGETED_DEVICE_FAMILY = "1,2";
			};
			name = Debug;
		};
		DBECBF272089D056004FED83 /* Release */ = {
			isa = XCBuildConfiguration;
			baseConfigurationReference = 3D5FD566D65191712AA1279D /* Pods-OCDemo_01.release.xcconfig */;
			buildSettings = {
				ASSETCATALOG_COMPILER_APPICON_NAME = AppIcon;
				CODE_SIGN_IDENTITY = "iPhone Developer";
				CODE_SIGN_STYLE = Manual;
				DEVELOPMENT_TEAM = "";
				INFOPLIST_FILE = "$(SRCROOT)/OCDemo_01/Other/Info.plist";
				IPHONEOS_DEPLOYMENT_TARGET = 8.0;
				LD_RUNPATH_SEARCH_PATHS = (
					"$(inherited)",
					"@executable_path/Frameworks",
				);
				PRODUCT_BUNDLE_IDENTIFIER = com.ldd.shikuDemo;
				PRODUCT_NAME = "$(TARGET_NAME)";
				PROVISIONING_PROFILE_SPECIFIER = "";
				TARGETED_DEVICE_FAMILY = "1,2";
			};
			name = Release;
		};
/* End XCBuildConfiguration section */

/* Begin XCConfigurationList section */
		DBECBF0A2089D056004FED83 /* Build configuration list for PBXProject "OCDemo_01" */ = {
			isa = XCConfigurationList;
			buildConfigurations = (
				DBECBF232089D056004FED83 /* Debug */,
				DBECBF242089D056004FED83 /* Release */,
			);
			defaultConfigurationIsVisible = 0;
			defaultConfigurationName = Release;
		};
		DBECBF252089D056004FED83 /* Build configuration list for PBXNativeTarget "OCDemo_01" */ = {
			isa = XCConfigurationList;
			buildConfigurations = (
				DBECBF262089D056004FED83 /* Debug */,
				DBECBF272089D056004FED83 /* Release */,
			);
			defaultConfigurationIsVisible = 0;
			defaultConfigurationName = Release;
		};
/* End XCConfigurationList section */
	};
	rootObject = DBECBF072089D056004FED83 /* Project object */;
}
